
Microsoft Visual Studio Solution File, Format Version 12.00
# Visual Studio Version 17
VisualStudioVersion = 17.7.34031.279
MinimumVisualStudioVersion = 10.0.40219.1
Project("{FAE04EC0-301F-11D3-BF4B-00C04F79EFBC}") = "InternshipDI", "InternshipDI\InternshipDI.csproj", "{4BF9711D-75BC-4942-BA23-E2354F8E8ED4}"
EndProject
Global
	GlobalSection(SolutionConfigurationPlatforms) = preSolution
		Debug|Any CPU = Debug|Any CPU
		Release|Any CPU = Release|Any CPU
	EndGlobalSection
	GlobalSection(ProjectConfigurationPlatforms) = postSolution
		{4BF9711D-75BC-4942-BA23-E2354F8E8ED4}.Debug|Any CPU.ActiveCfg = Debug|Any CPU
		{4BF9711D-75BC-4942-BA23-E2354F8E8ED4}.Debug|Any CPU.Build.0 = Debug|Any CPU
		{4BF9711D-75BC-4942-BA23-E2354F8E8ED4}.Release|Any CPU.ActiveCfg = Release|Any CPU
		{4BF9711D-75BC-4942-BA23-E2354F8E8ED4}.Release|Any CPU.Build.0 = Release|Any CPU
	EndGlobalSection
	GlobalSection(SolutionProperties) = preSolution
		HideSolutionNode = FALSE
	EndGlobalSection
	GlobalSection(ExtensibilityGlobals) = postSolution
		SolutionGuid = {6931CF13-40B6-483E-AD33-9931754F356B}
	EndGlobalSection
EndGlobal
